
Microsoft Visual Studio Solution File, Format Version 12.00
# Visual Studio Version 16
VisualStudioVersion = 16.0.31515.178
MinimumVisualStudioVersion = 10.0.40219.1
Project("{FAE04EC0-301F-11D3-BF4B-00C04F79EFBC}") = "xadrez-console", "xadrez-console\xadrez-console.csproj", "{D302E435-7B81-4DC2-8CCA-CE1E5D190F3C}"
EndProject
Global
	GlobalSection(SolutionConfigurationPlatforms) = preSolution
		Debug|Any CPU = Debug|Any CPU
		Release|Any CPU = Release|Any CPU
	EndGlobalSection
	GlobalSection(ProjectConfigurationPlatforms) = postSolution
		{D302E435-7B81-4DC2-8CCA-CE1E5D190F3C}.Debug|Any CPU.ActiveCfg = Debug|Any CPU
		{D302E435-7B81-4DC2-8CCA-CE1E5D190F3C}.Debug|Any CPU.Build.0 = Debug|Any CPU
		{D302E435-7B81-4DC2-8CCA-CE1E5D190F3C}.Release|Any CPU.ActiveCfg = Release|Any CPU
		{D302E435-7B81-4DC2-8CCA-CE1E5D190F3C}.Release|Any CPU.Build.0 = Release|Any CPU
	EndGlobalSection
	GlobalSection(SolutionProperties) = preSolution
		HideSolutionNode = FALSE
	EndGlobalSection
	GlobalSection(ExtensibilityGlobals) = postSolution
		SolutionGuid = {B952C933-CAD4-4E62-8839-0C7297ACB0FD}
	EndGlobalSection
EndGlobal
